// !$*UTF8*$!
{
	archiveVersion = 1;
	classes = {
	};
	objectVersion = 46;
	objects = {

/* Begin PBXBuildFile section */
		4600E6FD177951AD003E4008 /* RollViewController.mm in Sources */ = {isa = PBXBuildFile; fileRef = 4600E6FC177951AD003E4008 /* RollViewController.mm */; };
		46046FDF174DC338005DE6CC /* Loading.html in Resources */ = {isa = PBXBuildFile; fileRef = 46046FDE174DC338005DE6CC /* Loading.html */; };
		4606669B173A0D780069B33D /* opencv2.framework in Frameworks */ = {isa = PBXBuildFile; fileRef = 4606669A173A0D780069B33D /* opencv2.framework */; };
		46175CA5173207B6008D6557 /* lbpcascade_frontalface.xml in Resources */ = {isa = PBXBuildFile; fileRef = 46175CA4173207B6008D6557 /* lbpcascade_frontalface.xml */; };
		46175CA81734BE9D008D6557 /* MyCvVideoCamera.m in Sources */ = {isa = PBXBuildFile; fileRef = 46175CA71734BE9D008D6557 /* MyCvVideoCamera.m */; };
		461A165117408B660098B122 /* constrained_frontalface.xml in Resources */ = {isa = PBXBuildFile; fileRef = 461A165017408B660098B122 /* constrained_frontalface.xml */; };
		461A165417408CD60098B122 /* WebViewController.m in Sources */ = {isa = PBXBuildFile; fileRef = 461A165317408CD60098B122 /* WebViewController.m */; };
		461A165817434DD90098B122 /* 1.png in Resources */ = {isa = PBXBuildFile; fileRef = 461A165517434DD90098B122 /* 1.png */; };
		461A165917434DD90098B122 /* 2.png in Resources */ = {isa = PBXBuildFile; fileRef = 461A165617434DD90098B122 /* 2.png */; };
		461A165A17434DD90098B122 /* 3.png in Resources */ = {isa = PBXBuildFile; fileRef = 461A165717434DD90098B122 /* 3.png */; };
		464801651729EB8A00AC7B02 /* SecondViewController.mm in Sources */ = {isa = PBXBuildFile; fileRef = 464801641729EB8A00AC7B02 /* SecondViewController.mm */; };
		4658DAD7172B92E30030BE32 /* haarcascade_frontalface_alt2.xml in Resources */ = {isa = PBXBuildFile; fileRef = 4658DAD6172B92E30030BE32 /* haarcascade_frontalface_alt2.xml */; };
		466CC3CC17260DD50021A943 /* UIKit.framework in Frameworks */ = {isa = PBXBuildFile; fileRef = 466CC3CB17260DD50021A943 /* UIKit.framework */; };
		466CC3CE17260DD50021A943 /* Foundation.framework in Frameworks */ = {isa = PBXBuildFile; fileRef = 466CC3CD17260DD50021A943 /* Foundation.framework */; };
		466CC3D017260DD50021A943 /* CoreGraphics.framework in Frameworks */ = {isa = PBXBuildFile; fileRef = 466CC3CF17260DD50021A943 /* CoreGraphics.framework */; };
		466CC3D617260DD50021A943 /* InfoPlist.strings in Resources */ = {isa = PBXBuildFile; fileRef = 466CC3D417260DD50021A943 /* InfoPlist.strings */; };
		466CC3D817260DD50021A943 /* main.m in Sources */ = {isa = PBXBuildFile; fileRef = 466CC3D717260DD50021A943 /* main.m */; };
		466CC3DC17260DD50021A943 /* AppDelegate.m in Sources */ = {isa = PBXBuildFile; fileRef = 466CC3DB17260DD50021A943 /* AppDelegate.m */; };
		466CC3DE17260DD50021A943 /* Default.png in Resources */ = {isa = PBXBuildFile; fileRef = 466CC3DD17260DD50021A943 /* Default.png */; };
		466CC3E017260DD50021A943 /* Default@2x.png in Resources */ = {isa = PBXBuildFile; fileRef = 466CC3DF17260DD50021A943 /* Default@2x.png */; };
		466CC3E217260DD50021A943 /* Default-568h@2x.png in Resources */ = {isa = PBXBuildFile; fileRef = 466CC3E117260DD50021A943 /* Default-568h@2x.png */; };
		466CC3E517260DD50021A943 /* MainStoryboard_iPhone.storyboard in Resources */ = {isa = PBXBuildFile; fileRef = 466CC3E317260DD50021A943 /* MainStoryboard_iPhone.storyboard */; };
		466CC3E817260DD50021A943 /* MainStoryboard_iPad.storyboard in Resources */ = {isa = PBXBuildFile; fileRef = 466CC3E617260DD50021A943 /* MainStoryboard_iPad.storyboard */; };
		466CC3EB17260DD50021A943 /* ViewController.mm in Sources */ = {isa = PBXBuildFile; fileRef = 466CC3EA17260DD50021A943 /* ViewController.mm */; };
		46AF892517277AC200C4562E /* Accelerate.framework in Frameworks */ = {isa = PBXBuildFile; fileRef = 466CC3F317260F3C0021A943 /* Accelerate.framework */; };
		46AF892717277ACA00C4562E /* AssetsLibrary.framework in Frameworks */ = {isa = PBXBuildFile; fileRef = 46AF892617277ACA00C4562E /* AssetsLibrary.framework */; };
		46AF892917277AD900C4562E /* AVFoundation.framework in Frameworks */ = {isa = PBXBuildFile; fileRef = 46AF892817277AD900C4562E /* AVFoundation.framework */; };
		46AF892B17277AF700C4562E /* CoreImage.framework in Frameworks */ = {isa = PBXBuildFile; fileRef = 46AF892A17277AF700C4562E /* CoreImage.framework */; };
		46AF892D17277B0700C4562E /* CoreMedia.framework in Frameworks */ = {isa = PBXBuildFile; fileRef = 46AF892C17277B0700C4562E /* CoreMedia.framework */; };
		46AF892F17277B1700C4562E /* QuartzCore.framework in Frameworks */ = {isa = PBXBuildFile; fileRef = 46AF892E17277B1700C4562E /* QuartzCore.framework */; };
		46AF893117277B2A00C4562E /* CoreVideo.framework in Frameworks */ = {isa = PBXBuildFile; fileRef = 46AF893017277B2A00C4562E /* CoreVideo.framework */; };
		46CA6E07178677BD00CA621C /* ImageIO.framework in Frameworks */ = {isa = PBXBuildFile; fileRef = 46CA6E06178677BD00CA621C /* ImageIO.framework */; };
		46FD4584174C7917004280B5 /* Basso.aiff in Resources */ = {isa = PBXBuildFile; fileRef = 46FD4581174C7917004280B5 /* Basso.aiff */; };
		46FD4585174C7917004280B5 /* Blow.aiff in Resources */ = {isa = PBXBuildFile; fileRef = 46FD4582174C7917004280B5 /* Blow.aiff */; };
		46FD4586174C7917004280B5 /* Bottle.aiff in Resources */ = {isa = PBXBuildFile; fileRef = 46FD4583174C7917004280B5 /* Bottle.aiff */; };
		46FD4588174C7B8F004280B5 /* AudioToolbox.framework in Frameworks */ = {isa = PBXBuildFile; fileRef = 46FD4587174C7B8F004280B5 /* AudioToolbox.framework */; };
		46FD458B174D35F3004280B5 /* Pop.aiff in Resources */ = {isa = PBXBuildFile; fileRef = 46FD4589174D35F3004280B5 /* Pop.aiff */; };
		46FD458C174D35F3004280B5 /* Tink.aiff in Resources */ = {isa = PBXBuildFile; fileRef = 46FD458A174D35F3004280B5 /* Tink.aiff */; };
		46FD458E174D3658004280B5 /* Morse.aiff in Resources */ = {isa = PBXBuildFile; fileRef = 46FD458D174D3658004280B5 /* Morse.aiff */; };
		D58F9C8417A5537A0066310D /* Icon-72.png in Resources */ = {isa = PBXBuildFile; fileRef = D58F9C8317A5537A0066310D /* Icon-72.png */; };
		D58F9C8B17A553B60066310D /* Icon-Small-50.png in Resources */ = {isa = PBXBuildFile; fileRef = D58F9C8517A553B60066310D /* Icon-Small-50.png */; };
		D58F9C8C17A553B60066310D /* Icon-Small.png in Resources */ = {isa = PBXBuildFile; fileRef = D58F9C8617A553B60066310D /* Icon-Small.png */; };
		D58F9C8D17A553B60066310D /* Icon-Small@2x.png in Resources */ = {isa = PBXBuildFile; fileRef = D58F9C8717A553B60066310D /* Icon-Small@2x.png */; };
		D58F9C8E17A553B60066310D /* Icon.png in Resources */ = {isa = PBXBuildFile; fileRef = D58F9C8817A553B60066310D /* Icon.png */; };
		D58F9C8F17A553B60066310D /* Icon@2x.png in Resources */ = {isa = PBXBuildFile; fileRef = D58F9C8917A553B60066310D /* Icon@2x.png */; };
		D58F9C9017A553B60066310D /* iTunesArtwork.png in Resources */ = {isa = PBXBuildFile; fileRef = D58F9C8A17A553B60066310D /* iTunesArtwork.png */; };
/* End PBXBuildFile section */

/* Begin PBXFileReference section */
		4600E6FB177951AD003E4008 /* RollViewController.h */ = {isa = PBXFileReference; fileEncoding = 4; lastKnownFileType = sourcecode.c.h; path = RollViewController.h; sourceTree = "<group>"; };
		4600E6FC177951AD003E4008 /* RollViewController.mm */ = {isa = PBXFileReference; fileEncoding = 4; lastKnownFileType = sourcecode.cpp.objcpp; path = RollViewController.mm; sourceTree = "<group>"; };
		46046FDE174DC338005DE6CC /* Loading.html */ = {isa = PBXFileReference; fileEncoding = 4; lastKnownFileType = text.html; path = Loading.html; sourceTree = "<group>"; };
		4606669A173A0D780069B33D /* opencv2.framework */ = {isa = PBXFileReference; lastKnownFileType = wrapper.framework; name = opencv2.framework; path = ../../ios/opencv2.framework; sourceTree = "<group>"; };
		46175CA4173207B6008D6557 /* lbpcascade_frontalface.xml */ = {isa = PBXFileReference; fileEncoding = 4; lastKnownFileType = text.xml; path = lbpcascade_frontalface.xml; sourceTree = "<group>"; };
		46175CA61734BE9D008D6557 /* MyCvVideoCamera.h */ = {isa = PBXFileReference; fileEncoding = 4; lastKnownFileType = sourcecode.c.h; lineEnding = 0; path = MyCvVideoCamera.h; sourceTree = "<group>"; xcLanguageSpecificationIdentifier = xcode.lang.objcpp; };
		46175CA71734BE9D008D6557 /* MyCvVideoCamera.m */ = {isa = PBXFileReference; fileEncoding = 4; lastKnownFileType = sourcecode.c.objc; path = MyCvVideoCamera.m; sourceTree = "<group>"; };
		461A165017408B660098B122 /* constrained_frontalface.xml */ = {isa = PBXFileReference; fileEncoding = 4; lastKnownFileType = text.xml; path = constrained_frontalface.xml; sourceTree = "<group>"; };
		461A165217408CD60098B122 /* WebViewController.h */ = {isa = PBXFileReference; fileEncoding = 4; lastKnownFileType = sourcecode.c.h; path = WebViewController.h; sourceTree = "<group>"; };
		461A165317408CD60098B122 /* WebViewController.m */ = {isa = PBXFileReference; fileEncoding = 4; lastKnownFileType = sourcecode.c.objc; path = WebViewController.m; sourceTree = "<group>"; };
		461A165517434DD90098B122 /* 1.png */ = {isa = PBXFileReference; lastKnownFileType = image.png; path = 1.png; sourceTree = "<group>"; };
		461A165617434DD90098B122 /* 2.png */ = {isa = PBXFileReference; lastKnownFileType = image.png; path = 2.png; sourceTree = "<group>"; };
		461A165717434DD90098B122 /* 3.png */ = {isa = PBXFileReference; lastKnownFileType = image.png; path = 3.png; sourceTree = "<group>"; };
		464801631729EB8A00AC7B02 /* SecondViewController.h */ = {isa = PBXFileReference; fileEncoding = 4; lastKnownFileType = sourcecode.c.h; lineEnding = 0; path = SecondViewController.h; sourceTree = "<group>"; xcLanguageSpecificationIdentifier = xcode.lang.objcpp; };
		464801641729EB8A00AC7B02 /* SecondViewController.mm */ = {isa = PBXFileReference; fileEncoding = 4; lastKnownFileType = sourcecode.cpp.objcpp; lineEnding = 0; path = SecondViewController.mm; sourceTree = "<group>"; xcLanguageSpecificationIdentifier = xcode.lang.objc; };
		4658DAD6172B92E30030BE32 /* haarcascade_frontalface_alt2.xml */ = {isa = PBXFileReference; fileEncoding = 4; lastKnownFileType = text.xml; path = haarcascade_frontalface_alt2.xml; sourceTree = "<group>"; };
		466CC3C817260DD50021A943 /* FaceSpace.app */ = {isa = PBXFileReference; explicitFileType = wrapper.application; includeInIndex = 0; path = FaceSpace.app; sourceTree = BUILT_PRODUCTS_DIR; };
		466CC3CB17260DD50021A943 /* UIKit.framework */ = {isa = PBXFileReference; lastKnownFileType = wrapper.framework; name = UIKit.framework; path = System/Library/Frameworks/UIKit.framework; sourceTree = SDKROOT; };
		466CC3CD17260DD50021A943 /* Foundation.framework */ = {isa = PBXFileReference; lastKnownFileType = wrapper.framework; name = Foundation.framework; path = System/Library/Frameworks/Foundation.framework; sourceTree = SDKROOT; };
		466CC3CF17260DD50021A943 /* CoreGraphics.framework */ = {isa = PBXFileReference; lastKnownFileType = wrapper.framework; name = CoreGraphics.framework; path = System/Library/Frameworks/CoreGraphics.framework; sourceTree = SDKROOT; };
		466CC3D317260DD50021A943 /* FaceSpace-Info.plist */ = {isa = PBXFileReference; lastKnownFileType = text.plist.xml; path = "FaceSpace-Info.plist"; sourceTree = "<group>"; };
		466CC3D517260DD50021A943 /* en */ = {isa = PBXFileReference; lastKnownFileType = text.plist.strings; name = en; path = en.lproj/InfoPlist.strings; sourceTree = "<group>"; };
		466CC3D717260DD50021A943 /* main.m */ = {isa = PBXFileReference; lastKnownFileType = sourcecode.c.objc; lineEnding = 0; path = main.m; sourceTree = "<group>"; xcLanguageSpecificationIdentifier = xcode.lang.objc; };
		466CC3D917260DD50021A943 /* FaceSpace-Prefix.pch */ = {isa = PBXFileReference; lastKnownFileType = sourcecode.c.h; lineEnding = 0; path = "FaceSpace-Prefix.pch"; sourceTree = "<group>"; xcLanguageSpecificationIdentifier = xcode.lang.objc; };
		466CC3DA17260DD50021A943 /* AppDelegate.h */ = {isa = PBXFileReference; lastKnownFileType = sourcecode.c.h; lineEnding = 0; path = AppDelegate.h; sourceTree = "<group>"; xcLanguageSpecificationIdentifier = xcode.lang.objcpp; };
		466CC3DB17260DD50021A943 /* AppDelegate.m */ = {isa = PBXFileReference; lastKnownFileType = sourcecode.c.objc; lineEnding = 0; path = AppDelegate.m; sourceTree = "<group>"; xcLanguageSpecificationIdentifier = xcode.lang.objc; };
		466CC3DD17260DD50021A943 /* Default.png */ = {isa = PBXFileReference; lastKnownFileType = image.png; path = Default.png; sourceTree = "<group>"; };
		466CC3DF17260DD50021A943 /* Default@2x.png */ = {isa = PBXFileReference; lastKnownFileType = image.png; path = "Default@2x.png"; sourceTree = "<group>"; };
		466CC3E117260DD50021A943 /* Default-568h@2x.png */ = {isa = PBXFileReference; lastKnownFileType = image.png; path = "Default-568h@2x.png"; sourceTree = "<group>"; };
		466CC3E417260DD50021A943 /* en */ = {isa = PBXFileReference; lastKnownFileType = file.storyboard; name = en; path = en.lproj/MainStoryboard_iPhone.storyboard; sourceTree = "<group>"; };
		466CC3E717260DD50021A943 /* en */ = {isa = PBXFileReference; lastKnownFileType = file.storyboard; name = en; path = en.lproj/MainStoryboard_iPad.storyboard; sourceTree = "<group>"; };
		466CC3E917260DD50021A943 /* ViewController.h */ = {isa = PBXFileReference; lastKnownFileType = sourcecode.c.h; lineEnding = 0; path = ViewController.h; sourceTree = "<group>"; xcLanguageSpecificationIdentifier = xcode.lang.objcpp; };
		466CC3EA17260DD50021A943 /* ViewController.mm */ = {isa = PBXFileReference; lastKnownFileType = sourcecode.cpp.objcpp; path = ViewController.mm; sourceTree = "<group>"; };
		466CC3F317260F3C0021A943 /* Accelerate.framework */ = {isa = PBXFileReference; lastKnownFileType = wrapper.framework; name = Accelerate.framework; path = System/Library/Frameworks/Accelerate.framework; sourceTree = SDKROOT; };
		46AF892617277ACA00C4562E /* AssetsLibrary.framework */ = {isa = PBXFileReference; lastKnownFileType = wrapper.framework; name = AssetsLibrary.framework; path = System/Library/Frameworks/AssetsLibrary.framework; sourceTree = SDKROOT; };
		46AF892817277AD900C4562E /* AVFoundation.framework */ = {isa = PBXFileReference; lastKnownFileType = wrapper.framework; name = AVFoundation.framework; path = System/Library/Frameworks/AVFoundation.framework; sourceTree = SDKROOT; };
		46AF892A17277AF700C4562E /* CoreImage.framework */ = {isa = PBXFileReference; lastKnownFileType = wrapper.framework; name = CoreImage.framework; path = System/Library/Frameworks/CoreImage.framework; sourceTree = SDKROOT; };
		46AF892C17277B0700C4562E /* CoreMedia.framework */ = {isa = PBXFileReference; lastKnownFileType = wrapper.framework; name = CoreMedia.framework; path = System/Library/Frameworks/CoreMedia.framework; sourceTree = SDKROOT; };
		46AF892E17277B1700C4562E /* QuartzCore.framework */ = {isa = PBXFileReference; lastKnownFileType = wrapper.framework; name = QuartzCore.framework; path = System/Library/Frameworks/QuartzCore.framework; sourceTree = SDKROOT; };
		46AF893017277B2A00C4562E /* CoreVideo.framework */ = {isa = PBXFileReference; lastKnownFileType = wrapper.framework; name = CoreVideo.framework; path = System/Library/Frameworks/CoreVideo.framework; sourceTree = SDKROOT; };
		46CA6E06178677BD00CA621C /* ImageIO.framework */ = {isa = PBXFileReference; lastKnownFileType = wrapper.framework; name = ImageIO.framework; path = System/Library/Frameworks/ImageIO.framework; sourceTree = SDKROOT; };
		46FD4581174C7917004280B5 /* Basso.aiff */ = {isa = PBXFileReference; lastKnownFileType = audio.aiff; path = Basso.aiff; sourceTree = "<group>"; };
		46FD4582174C7917004280B5 /* Blow.aiff */ = {isa = PBXFileReference; lastKnownFileType = audio.aiff; path = Blow.aiff; sourceTree = "<group>"; };
		46FD4583174C7917004280B5 /* Bottle.aiff */ = {isa = PBXFileReference; lastKnownFileType = audio.aiff; path = Bottle.aiff; sourceTree = "<group>"; };
		46FD4587174C7B8F004280B5 /* AudioToolbox.framework */ = {isa = PBXFileReference; lastKnownFileType = wrapper.framework; name = AudioToolbox.framework; path = System/Library/Frameworks/AudioToolbox.framework; sourceTree = SDKROOT; };
		46FD4589174D35F3004280B5 /* Pop.aiff */ = {isa = PBXFileReference; lastKnownFileType = audio.aiff; path = Pop.aiff; sourceTree = "<group>"; };
		46FD458A174D35F3004280B5 /* Tink.aiff */ = {isa = PBXFileReference; lastKnownFileType = audio.aiff; path = Tink.aiff; sourceTree = "<group>"; };
		46FD458D174D3658004280B5 /* Morse.aiff */ = {isa = PBXFileReference; lastKnownFileType = audio.aiff; path = Morse.aiff; sourceTree = "<group>"; };
		D58F9C8317A5537A0066310D /* Icon-72.png */ = {isa = PBXFileReference; lastKnownFileType = image.png; path = "Icon-72.png"; sourceTree = "<group>"; };
		D58F9C8517A553B60066310D /* Icon-Small-50.png */ = {isa = PBXFileReference; lastKnownFileType = image.png; path = "Icon-Small-50.png"; sourceTree = "<group>"; };
		D58F9C8617A553B60066310D /* Icon-Small.png */ = {isa = PBXFileReference; lastKnownFileType = image.png; path = "Icon-Small.png"; sourceTree = "<group>"; };
		D58F9C8717A553B60066310D /* Icon-Small@2x.png */ = {isa = PBXFileReference; lastKnownFileType = image.png; path = "Icon-Small@2x.png"; sourceTree = "<group>"; };
		D58F9C8817A553B60066310D /* Icon.png */ = {isa = PBXFileReference; lastKnownFileType = image.png; path = Icon.png; sourceTree = "<group>"; };
		D58F9C8917A553B60066310D /* Icon@2x.png */ = {isa = PBXFileReference; lastKnownFileType = image.png; path = "Icon@2x.png"; sourceTree = "<group>"; };
		D58F9C8A17A553B60066310D /* iTunesArtwork.png */ = {isa = PBXFileReference; lastKnownFileType = image.png; path = iTunesArtwork.png; sourceTree = "<group>"; };
/* End PBXFileReference section */

/* Begin PBXFrameworksBuildPhase section */
		466CC3C517260DD50021A943 /* Frameworks */ = {
			isa = PBXFrameworksBuildPhase;
			buildActionMask = 2147483647;
			files = (
				46CA6E07178677BD00CA621C /* ImageIO.framework in Frameworks */,
				46FD4588174C7B8F004280B5 /* AudioToolbox.framework in Frameworks */,
				4606669B173A0D780069B33D /* opencv2.framework in Frameworks */,
				46AF893117277B2A00C4562E /* CoreVideo.framework in Frameworks */,
				46AF892F17277B1700C4562E /* QuartzCore.framework in Frameworks */,
				46AF892D17277B0700C4562E /* CoreMedia.framework in Frameworks */,
				46AF892B17277AF700C4562E /* CoreImage.framework in Frameworks */,
				466CC3D017260DD50021A943 /* CoreGraphics.framework in Frameworks */,
				46AF892917277AD900C4562E /* AVFoundation.framework in Frameworks */,
				46AF892717277ACA00C4562E /* AssetsLibrary.framework in Frameworks */,
				46AF892517277AC200C4562E /* Accelerate.framework in Frameworks */,
				466CC3CC17260DD50021A943 /* UIKit.framework in Frameworks */,
				466CC3CE17260DD50021A943 /* Foundation.framework in Frameworks */,
			);
			runOnlyForDeploymentPostprocessing = 0;
		};
/* End PBXFrameworksBuildPhase section */

/* Begin PBXGroup section */
		466CC3BF17260DD50021A943 = {
			isa = PBXGroup;
			children = (
				466CC3D117260DD50021A943 /* FaceSpace */,
				466CC3CA17260DD50021A943 /* Frameworks */,
				466CC3C917260DD50021A943 /* Products */,
			);
			sourceTree = "<group>";
		};
		466CC3C917260DD50021A943 /* Products */ = {
			isa = PBXGroup;
			children = (
				466CC3C817260DD50021A943 /* FaceSpace.app */,
			);
			name = Products;
			sourceTree = "<group>";
		};
		466CC3CA17260DD50021A943 /* Frameworks */ = {
			isa = PBXGroup;
			children = (
				46CA6E06178677BD00CA621C /* ImageIO.framework */,
				46FD4587174C7B8F004280B5 /* AudioToolbox.framework */,
				4606669A173A0D780069B33D /* opencv2.framework */,
				466CC3F317260F3C0021A943 /* Accelerate.framework */,
				46AF892617277ACA00C4562E /* AssetsLibrary.framework */,
				46AF892817277AD900C4562E /* AVFoundation.framework */,
				466CC3CF17260DD50021A943 /* CoreGraphics.framework */,
				46AF892A17277AF700C4562E /* CoreImage.framework */,
				46AF892C17277B0700C4562E /* CoreMedia.framework */,
				46AF893017277B2A00C4562E /* CoreVideo.framework */,
				466CC3CD17260DD50021A943 /* Foundation.framework */,
				46AF892E17277B1700C4562E /* QuartzCore.framework */,
				466CC3CB17260DD50021A943 /* UIKit.framework */,
			);
			name = Frameworks;
			sourceTree = "<group>";
		};
		466CC3D117260DD50021A943 /* FaceSpace */ = {
			isa = PBXGroup;
			children = (
				4600E6FB177951AD003E4008 /* RollViewController.h */,
				4600E6FC177951AD003E4008 /* RollViewController.mm */,
				466CC3E917260DD50021A943 /* ViewController.h */,
				466CC3EA17260DD50021A943 /* ViewController.mm */,
				466CC3DA17260DD50021A943 /* AppDelegate.h */,
				466CC3DB17260DD50021A943 /* AppDelegate.m */,
				466CC3E317260DD50021A943 /* MainStoryboard_iPhone.storyboard */,
				461A165217408CD60098B122 /* WebViewController.h */,
				461A165317408CD60098B122 /* WebViewController.m */,
				464801631729EB8A00AC7B02 /* SecondViewController.h */,
				464801641729EB8A00AC7B02 /* SecondViewController.mm */,
				466CC3E617260DD50021A943 /* MainStoryboard_iPad.storyboard */,
				466CC3D217260DD50021A943 /* Supporting Files */,
				46175CA61734BE9D008D6557 /* MyCvVideoCamera.h */,
				46175CA71734BE9D008D6557 /* MyCvVideoCamera.m */,
			);
			name = FaceSpace;
			path = OpenCVTest;
			sourceTree = "<group>";
		};
		466CC3D217260DD50021A943 /* Supporting Files */ = {
			isa = PBXGroup;
			children = (
				46046FDE174DC338005DE6CC /* Loading.html */,
				D58F9C8517A553B60066310D /* Icon-Small-50.png */,
				D58F9C8617A553B60066310D /* Icon-Small.png */,
				D58F9C8717A553B60066310D /* Icon-Small@2x.png */,
				D58F9C8817A553B60066310D /* Icon.png */,
				D58F9C8917A553B60066310D /* Icon@2x.png */,
				D58F9C8A17A553B60066310D /* iTunesArtwork.png */,
				D58F9C8317A5537A0066310D /* Icon-72.png */,
				46FD458D174D3658004280B5 /* Morse.aiff */,
				46FD4589174D35F3004280B5 /* Pop.aiff */,
				46FD458A174D35F3004280B5 /* Tink.aiff */,
				46FD4581174C7917004280B5 /* Basso.aiff */,
				46FD4582174C7917004280B5 /* Blow.aiff */,
				46FD4583174C7917004280B5 /* Bottle.aiff */,
				461A165517434DD90098B122 /* 1.png */,
				461A165617434DD90098B122 /* 2.png */,
				461A165717434DD90098B122 /* 3.png */,
				461A165017408B660098B122 /* constrained_frontalface.xml */,
				46175CA4173207B6008D6557 /* lbpcascade_frontalface.xml */,
				4658DAD6172B92E30030BE32 /* haarcascade_frontalface_alt2.xml */,
				466CC3D317260DD50021A943 /* FaceSpace-Info.plist */,
				466CC3D417260DD50021A943 /* InfoPlist.strings */,
				466CC3D717260DD50021A943 /* main.m */,
				466CC3D917260DD50021A943 /* FaceSpace-Prefix.pch */,
				466CC3DD17260DD50021A943 /* Default.png */,
				466CC3DF17260DD50021A943 /* Default@2x.png */,
				466CC3E117260DD50021A943 /* Default-568h@2x.png */,
			);
			name = "Supporting Files";
			sourceTree = "<group>";
		};
/* End PBXGroup section */

/* Begin PBXNativeTarget section */
		466CC3C717260DD50021A943 /* FaceSpace */ = {
			isa = PBXNativeTarget;
			buildConfigurationList = 466CC3EE17260DD50021A943 /* Build configuration list for PBXNativeTarget "FaceSpace" */;
			buildPhases = (
				466CC3C417260DD50021A943 /* Sources */,
				466CC3C517260DD50021A943 /* Frameworks */,
				466CC3C617260DD50021A943 /* Resources */,
			);
			buildRules = (
			);
			dependencies = (
			);
			name = FaceSpace;
			productName = OpenCVTest;
			productReference = 466CC3C817260DD50021A943 /* FaceSpace.app */;
			productType = "com.apple.product-type.application";
		};
/* End PBXNativeTarget section */

/* Begin PBXProject section */
		466CC3C017260DD50021A943 /* Project object */ = {
			isa = PBXProject;
			attributes = {
				LastUpgradeCheck = 0460;
				ORGANIZATIONNAME = "Woodley, Bob";
			};
			buildConfigurationList = 466CC3C317260DD50021A943 /* Build configuration list for PBXProject "FaceSpace" */;
			compatibilityVersion = "Xcode 3.2";
			developmentRegion = English;
			hasScannedForEncodings = 0;
			knownRegions = (
				en,
			);
			mainGroup = 466CC3BF17260DD50021A943;
			productRefGroup = 466CC3C917260DD50021A943 /* Products */;
			projectDirPath = "";
			projectRoot = "";
			targets = (
				466CC3C717260DD50021A943 /* FaceSpace */,
			);
		};
/* End PBXProject section */

/* Begin PBXResourcesBuildPhase section */
		466CC3C617260DD50021A943 /* Resources */ = {
			isa = PBXResourcesBuildPhase;
			buildActionMask = 2147483647;
			files = (
				466CC3D617260DD50021A943 /* InfoPlist.strings in Resources */,
				466CC3DE17260DD50021A943 /* Default.png in Resources */,
				466CC3E017260DD50021A943 /* Default@2x.png in Resources */,
				466CC3E217260DD50021A943 /* Default-568h@2x.png in Resources */,
				466CC3E517260DD50021A943 /* MainStoryboard_iPhone.storyboard in Resources */,
				466CC3E817260DD50021A943 /* MainStoryboard_iPad.storyboard in Resources */,
				4658DAD7172B92E30030BE32 /* haarcascade_frontalface_alt2.xml in Resources */,
				46175CA5173207B6008D6557 /* lbpcascade_frontalface.xml in Resources */,
				461A165117408B660098B122 /* constrained_frontalface.xml in Resources */,
				461A165817434DD90098B122 /* 1.png in Resources */,
				461A165917434DD90098B122 /* 2.png in Resources */,
				461A165A17434DD90098B122 /* 3.png in Resources */,
				46FD4584174C7917004280B5 /* Basso.aiff in Resources */,
				46FD4585174C7917004280B5 /* Blow.aiff in Resources */,
				46FD4586174C7917004280B5 /* Bottle.aiff in Resources */,
				46FD458B174D35F3004280B5 /* Pop.aiff in Resources */,
				46FD458C174D35F3004280B5 /* Tink.aiff in Resources */,
				46FD458E174D3658004280B5 /* Morse.aiff in Resources */,
				46046FDF174DC338005DE6CC /* Loading.html in Resources */,
				D58F9C8417A5537A0066310D /* Icon-72.png in Resources */,
				D58F9C8B17A553B60066310D /* Icon-Small-50.png in Resources */,
				D58F9C8C17A553B60066310D /* Icon-Small.png in Resources */,
				D58F9C8D17A553B60066310D /* Icon-Small@2x.png in Resources */,
				D58F9C8E17A553B60066310D /* Icon.png in Resources */,
				D58F9C8F17A553B60066310D /* Icon@2x.png in Resources */,
				D58F9C9017A553B60066310D /* iTunesArtwork.png in Resources */,
			);
			runOnlyForDeploymentPostprocessing = 0;
		};
/* End PBXResourcesBuildPhase section */

/* Begin PBXSourcesBuildPhase section */
		466CC3C417260DD50021A943 /* Sources */ = {
			isa = PBXSourcesBuildPhase;
			buildActionMask = 2147483647;
			files = (
				466CC3D817260DD50021A943 /* main.m in Sources */,
				466CC3DC17260DD50021A943 /* AppDelegate.m in Sources */,
				466CC3EB17260DD50021A943 /* ViewController.mm in Sources */,
				464801651729EB8A00AC7B02 /* SecondViewController.mm in Sources */,
				46175CA81734BE9D008D6557 /* MyCvVideoCamera.m in Sources */,
				461A165417408CD60098B122 /* WebViewController.m in Sources */,
				4600E6FD177951AD003E4008 /* RollViewController.mm in Sources */,
			);
			runOnlyForDeploymentPostprocessing = 0;
		};
/* End PBXSourcesBuildPhase section */

/* Begin PBXVariantGroup section */
		466CC3D417260DD50021A943 /* InfoPlist.strings */ = {
			isa = PBXVariantGroup;
			children = (
				466CC3D517260DD50021A943 /* en */,
			);
			name = InfoPlist.strings;
			sourceTree = "<group>";
		};
		466CC3E317260DD50021A943 /* MainStoryboard_iPhone.storyboard */ = {
			isa = PBXVariantGroup;
			children = (
				466CC3E417260DD50021A943 /* en */,
			);
			name = MainStoryboard_iPhone.storyboard;
			sourceTree = "<group>";
		};
		466CC3E617260DD50021A943 /* MainStoryboard_iPad.storyboard */ = {
			isa = PBXVariantGroup;
			children = (
				466CC3E717260DD50021A943 /* en */,
			);
			name = MainStoryboard_iPad.storyboard;
			sourceTree = "<group>";
		};
/* End PBXVariantGroup section */

/* Begin XCBuildConfiguration section */
		466CC3EC17260DD50021A943 /* Debug */ = {
			isa = XCBuildConfiguration;
			buildSettings = {
				ALWAYS_SEARCH_USER_PATHS = NO;
				CLANG_CXX_LANGUAGE_STANDARD = "gnu++0x";
				CLANG_CXX_LIBRARY = "libc++";
				CLANG_ENABLE_OBJC_ARC = YES;
				CLANG_WARN_CONSTANT_CONVERSION = YES;
				CLANG_WARN_EMPTY_BODY = YES;
				CLANG_WARN_ENUM_CONVERSION = YES;
				CLANG_WARN_INT_CONVERSION = YES;
				CLANG_WARN__DUPLICATE_METHOD_MATCH = YES;
				"CODE_SIGN_IDENTITY[sdk=iphoneos*]" = "iPhone Developer";
				COPY_PHASE_STRIP = NO;
				GCC_C_LANGUAGE_STANDARD = gnu99;
				GCC_DYNAMIC_NO_PIC = NO;
				GCC_OPTIMIZATION_LEVEL = 0;
				GCC_PREPROCESSOR_DEFINITIONS = (
					"DEBUG=1",
					"$(inherited)",
				);
				GCC_SYMBOLS_PRIVATE_EXTERN = NO;
				GCC_WARN_ABOUT_RETURN_TYPE = YES;
				GCC_WARN_UNINITIALIZED_AUTOS = YES;
				GCC_WARN_UNUSED_VARIABLE = YES;
				IPHONEOS_DEPLOYMENT_TARGET = 6.0;
				ONLY_ACTIVE_ARCH = YES;
				SDKROOT = iphoneos;
				TARGETED_DEVICE_FAMILY = "1,2";
			};
			name = Debug;
		};
		466CC3ED17260DD50021A943 /* Release */ = {
			isa = XCBuildConfiguration;
			buildSettings = {
				ALWAYS_SEARCH_USER_PATHS = NO;
				CLANG_CXX_LANGUAGE_STANDARD = "gnu++0x";
				CLANG_CXX_LIBRARY = "libc++";
				CLANG_ENABLE_OBJC_ARC = YES;
				CLANG_WARN_CONSTANT_CONVERSION = YES;
				CLANG_WARN_EMPTY_BODY = YES;
				CLANG_WARN_ENUM_CONVERSION = YES;
				CLANG_WARN_INT_CONVERSION = YES;
				CLANG_WARN__DUPLICATE_METHOD_MATCH = YES;
				"CODE_SIGN_IDENTITY[sdk=iphoneos*]" = "iPhone Developer";
				COPY_PHASE_STRIP = YES;
				GCC_C_LANGUAGE_STANDARD = gnu99;
				GCC_WARN_ABOUT_RETURN_TYPE = YES;
				GCC_WARN_UNINITIALIZED_AUTOS = YES;
				GCC_WARN_UNUSED_VARIABLE = YES;
				IPHONEOS_DEPLOYMENT_TARGET = 6.0;
				OTHER_CFLAGS = "-DNS_BLOCK_ASSERTIONS=1";
				SDKROOT = iphoneos;
				TARGETED_DEVICE_FAMILY = "1,2";
				VALIDATE_PRODUCT = YES;
			};
			name = Release;
		};
		466CC3EF17260DD50021A943 /* Debug */ = {
			isa = XCBuildConfiguration;
			buildSettings = {
				CLANG_CXX_LIBRARY = "libc++";
				FRAMEWORK_SEARCH_PATHS = (
					"$(inherited)",
					"\"$(SRCROOT)/../../ios\"",
				);
				GCC_PRECOMPILE_PREFIX_HEADER = YES;
				GCC_PREFIX_HEADER = "OpenCVTest/FaceSpace-Prefix.pch";
				INFOPLIST_FILE = "OpenCVTest/FaceSpace-Info.plist";
				IPHONEOS_DEPLOYMENT_TARGET = 6.0;
				OTHER_LDFLAGS = "-lc++";
				PRODUCT_NAME = FaceSpace;
				TARGETED_DEVICE_FAMILY = "1,2";
				WRAPPER_EXTENSION = app;
			};
			name = Debug;
		};
		466CC3F017260DD50021A943 /* Release */ = {
			isa = XCBuildConfiguration;
			buildSettings = {
				CLANG_CXX_LIBRARY = "libc++";
				FRAMEWORK_SEARCH_PATHS = (
					"$(inherited)",
					"\"$(SRCROOT)/../../ios\"",
				);
				GCC_PRECOMPILE_PREFIX_HEADER = YES;
				GCC_PREFIX_HEADER = "OpenCVTest/FaceSpace-Prefix.pch";
				INFOPLIST_FILE = "OpenCVTest/FaceSpace-Info.plist";
				IPHONEOS_DEPLOYMENT_TARGET = 6.0;
				OTHER_LDFLAGS = "-lc++";
				PRODUCT_NAME = FaceSpace;
				TARGETED_DEVICE_FAMILY = "1,2";
				WRAPPER_EXTENSION = app;
			};
			name = Release;
		};
/* End XCBuildConfiguration section */

/* Begin XCConfigurationList section */
		466CC3C317260DD50021A943 /* Build configuration list for PBXProject "FaceSpace" */ = {
			isa = XCConfigurationList;
			buildConfigurations = (
				466CC3EC17260DD50021A943 /* Debug */,
				466CC3ED17260DD50021A943 /* Release */,
			);
			defaultConfigurationIsVisible = 0;
			defaultConfigurationName = Release;
		};
		466CC3EE17260DD50021A943 /* Build configuration list for PBXNativeTarget "FaceSpace" */ = {
			isa = XCConfigurationList;
			buildConfigurations = (
				466CC3EF17260DD50021A943 /* Debug */,
				466CC3F017260DD50021A943 /* Release */,
			);
			defaultConfigurationIsVisible = 0;
			defaultConfigurationName = Release;
		};
/* End XCConfigurationList section */
	};
	rootObject = 466CC3C017260DD50021A943 /* Project object */;
}
